
Microsoft Visual Studio Solution File, Format Version 12.00
# Visual Studio Version 17
VisualStudioVersion = 17.9.34622.214
MinimumVisualStudioVersion = 10.0.40219.1
Project("{FAE04EC0-301F-11D3-BF4B-00C04F79EFBC}") = "ResourceChecker", "ResourceChecker\ResourceChecker.csproj", "{DCF0C8EA-04E5-4E67-A94B-E434AEE0A86C}"
EndProject
Global
	GlobalSection(SolutionConfigurationPlatforms) = preSolution
		Debug|Any CPU = Debug|Any CPU
		Release|Any CPU = Release|Any CPU
	EndGlobalSection
	GlobalSection(ProjectConfigurationPlatforms) = postSolution
		{DCF0C8EA-04E5-4E67-A94B-E434AEE0A86C}.Debug|Any CPU.ActiveCfg = Debug|Any CPU
		{DCF0C8EA-04E5-4E67-A94B-E434AEE0A86C}.Debug|Any CPU.Build.0 = Debug|Any CPU
		{DCF0C8EA-04E5-4E67-A94B-E434AEE0A86C}.Release|Any CPU.ActiveCfg = Release|Any CPU
		{DCF0C8EA-04E5-4E67-A94B-E434AEE0A86C}.Release|Any CPU.Build.0 = Release|Any CPU
	EndGlobalSection
	GlobalSection(SolutionProperties) = preSolution
		HideSolutionNode = FALSE
	EndGlobalSection
	GlobalSection(ExtensibilityGlobals) = postSolution
		SolutionGuid = {863A2096-BB21-457E-B2D0-23733FE652B6}
	EndGlobalSection
EndGlobal
